// !$*UTF8*$!
{
	archiveVersion = 1;
	classes = {
	};
	objectVersion = 50;
	objects = {

/* Begin PBXBuildFile section */
		20254263247CC32400571239 /* KDCircularProgress.swift in Sources */ = {isa = PBXBuildFile; fileRef = 20254262247CC32400571239 /* KDCircularProgress.swift */; };
		2043BBC3247BF90F00B8932B /* LearnViewController.swift in Sources */ = {isa = PBXBuildFile; fileRef = 2043BBC2247BF90F00B8932B /* LearnViewController.swift */; };
		204EFA75247CBD2400ED3317 /* LearnTableViewCell.swift in Sources */ = {isa = PBXBuildFile; fileRef = 204EFA74247CBD2400ED3317 /* LearnTableViewCell.swift */; };
		20B69D9E2474CE7700D5F3AD /* Subject+Extension.swift in Sources */ = {isa = PBXBuildFile; fileRef = 20B69D9D2474CE7700D5F3AD /* Subject+Extension.swift */; };
		20B69DA02474D07400D5F3AD /* MiniDatabase.swift in Sources */ = {isa = PBXBuildFile; fileRef = 20B69D9F2474D07400D5F3AD /* MiniDatabase.swift */; };
		20B69DA22474D0E700D5F3AD /* UIViewController+Extension.swift in Sources */ = {isa = PBXBuildFile; fileRef = 20B69DA12474D0E700D5F3AD /* UIViewController+Extension.swift */; };
		482C8137247EA74000AE7529 /* LessonWebView.html in Resources */ = {isa = PBXBuildFile; fileRef = 482C8136247EA74000AE7529 /* LessonWebView.html */; };
		484A269424736C1100F28462 /* AppDelegate.swift in Sources */ = {isa = PBXBuildFile; fileRef = 484A269324736C1100F28462 /* AppDelegate.swift */; };
		484A269624736C1100F28462 /* SceneDelegate.swift in Sources */ = {isa = PBXBuildFile; fileRef = 484A269524736C1100F28462 /* SceneDelegate.swift */; };
		484A269824736C1100F28462 /* ViewController.swift in Sources */ = {isa = PBXBuildFile; fileRef = 484A269724736C1100F28462 /* ViewController.swift */; };
		484A269B24736C1100F28462 /* Main.storyboard in Resources */ = {isa = PBXBuildFile; fileRef = 484A269924736C1100F28462 /* Main.storyboard */; };
		484A269E24736C1100F28462 /* Learner_App.xcdatamodeld in Sources */ = {isa = PBXBuildFile; fileRef = 484A269C24736C1100F28462 /* Learner_App.xcdatamodeld */; };
		484A26A024736C1300F28462 /* Assets.xcassets in Resources */ = {isa = PBXBuildFile; fileRef = 484A269F24736C1300F28462 /* Assets.xcassets */; };
		484A26A324736C1300F28462 /* LaunchScreen.storyboard in Resources */ = {isa = PBXBuildFile; fileRef = 484A26A124736C1300F28462 /* LaunchScreen.storyboard */; };
		4893E5C7247D2F1F00619181 /* LessonLearnViewController.swift in Sources */ = {isa = PBXBuildFile; fileRef = 4893E5C6247D2F1F00619181 /* LessonLearnViewController.swift */; };
		4893E5CA247D3C4D00619181 /* WebKit.framework in Frameworks */ = {isa = PBXBuildFile; fileRef = 4893E5C9247D3C4D00619181 /* WebKit.framework */; };
		6AA38238247D028800C6DFCF /* CaseContent.swift in Sources */ = {isa = PBXBuildFile; fileRef = 6AA38237247D028800C6DFCF /* CaseContent.swift */; };
		7F1DADD4247DF94500A9DE7C /* CaseViewController.swift in Sources */ = {isa = PBXBuildFile; fileRef = 7F1DADD3247DF94500A9DE7C /* CaseViewController.swift */; };
		7F1DADD7247DFB6C00A9DE7C /* CaseTableViewCell.swift in Sources */ = {isa = PBXBuildFile; fileRef = 7F1DADD5247DFB6C00A9DE7C /* CaseTableViewCell.swift */; };
		7F1DADD8247DFB6C00A9DE7C /* CaseTableViewCell.xib in Resources */ = {isa = PBXBuildFile; fileRef = 7F1DADD6247DFB6C00A9DE7C /* CaseTableViewCell.xib */; };
		7F1DADDA247E223000A9DE7C /* Cases+Extension.swift in Sources */ = {isa = PBXBuildFile; fileRef = 7F1DADD9247E223000A9DE7C /* Cases+Extension.swift */; };
		924E6BD4247D647400FB0C59 /* welcomeVC.swift in Sources */ = {isa = PBXBuildFile; fileRef = 924E6BD3247D647400FB0C59 /* welcomeVC.swift */; };
		924E6BD6247D64A700FB0C59 /* onboarding1VC.swift in Sources */ = {isa = PBXBuildFile; fileRef = 924E6BD5247D64A700FB0C59 /* onboarding1VC.swift */; };
		924E6BD8247D64DF00FB0C59 /* onboarding2VC.swift in Sources */ = {isa = PBXBuildFile; fileRef = 924E6BD7247D64DF00FB0C59 /* onboarding2VC.swift */; };
/* End PBXBuildFile section */

/* Begin PBXFileReference section */
		20254262247CC32400571239 /* KDCircularProgress.swift */ = {isa = PBXFileReference; lastKnownFileType = sourcecode.swift; path = KDCircularProgress.swift; sourceTree = "<group>"; };
		2043BBC2247BF90F00B8932B /* LearnViewController.swift */ = {isa = PBXFileReference; lastKnownFileType = sourcecode.swift; path = LearnViewController.swift; sourceTree = "<group>"; };
		204EFA74247CBD2400ED3317 /* LearnTableViewCell.swift */ = {isa = PBXFileReference; lastKnownFileType = sourcecode.swift; path = LearnTableViewCell.swift; sourceTree = "<group>"; };
		20B69D9D2474CE7700D5F3AD /* Subject+Extension.swift */ = {isa = PBXFileReference; lastKnownFileType = sourcecode.swift; path = "Subject+Extension.swift"; sourceTree = "<group>"; };
		20B69D9F2474D07400D5F3AD /* MiniDatabase.swift */ = {isa = PBXFileReference; lastKnownFileType = sourcecode.swift; path = MiniDatabase.swift; sourceTree = "<group>"; };
		20B69DA12474D0E700D5F3AD /* UIViewController+Extension.swift */ = {isa = PBXFileReference; lastKnownFileType = sourcecode.swift; path = "UIViewController+Extension.swift"; sourceTree = "<group>"; };
		482C8136247EA74000AE7529 /* LessonWebView.html */ = {isa = PBXFileReference; lastKnownFileType = text.html; path = LessonWebView.html; sourceTree = "<group>"; };
		484A269024736C1100F28462 /* Learner-App.app */ = {isa = PBXFileReference; explicitFileType = wrapper.application; includeInIndex = 0; path = "Learner-App.app"; sourceTree = BUILT_PRODUCTS_DIR; };
		484A269324736C1100F28462 /* AppDelegate.swift */ = {isa = PBXFileReference; lastKnownFileType = sourcecode.swift; path = AppDelegate.swift; sourceTree = "<group>"; };
		484A269524736C1100F28462 /* SceneDelegate.swift */ = {isa = PBXFileReference; lastKnownFileType = sourcecode.swift; path = SceneDelegate.swift; sourceTree = "<group>"; };
		484A269724736C1100F28462 /* ViewController.swift */ = {isa = PBXFileReference; lastKnownFileType = sourcecode.swift; path = ViewController.swift; sourceTree = "<group>"; };
		484A269A24736C1100F28462 /* Base */ = {isa = PBXFileReference; lastKnownFileType = file.storyboard; name = Base; path = Base.lproj/Main.storyboard; sourceTree = "<group>"; };
		484A269D24736C1100F28462 /* Learner_App.xcdatamodel */ = {isa = PBXFileReference; lastKnownFileType = wrapper.xcdatamodel; path = Learner_App.xcdatamodel; sourceTree = "<group>"; };
		484A269F24736C1300F28462 /* Assets.xcassets */ = {isa = PBXFileReference; lastKnownFileType = folder.assetcatalog; path = Assets.xcassets; sourceTree = "<group>"; };
		484A26A224736C1300F28462 /* Base */ = {isa = PBXFileReference; lastKnownFileType = file.storyboard; name = Base; path = Base.lproj/LaunchScreen.storyboard; sourceTree = "<group>"; };
		484A26A424736C1300F28462 /* Info.plist */ = {isa = PBXFileReference; lastKnownFileType = text.plist.xml; path = Info.plist; sourceTree = "<group>"; };
		4893E5C6247D2F1F00619181 /* LessonLearnViewController.swift */ = {isa = PBXFileReference; lastKnownFileType = sourcecode.swift; path = LessonLearnViewController.swift; sourceTree = "<group>"; };
		4893E5C9247D3C4D00619181 /* WebKit.framework */ = {isa = PBXFileReference; lastKnownFileType = wrapper.framework; name = WebKit.framework; path = System/Library/Frameworks/WebKit.framework; sourceTree = SDKROOT; };
		6AA38237247D028800C6DFCF /* CaseContent.swift */ = {isa = PBXFileReference; lastKnownFileType = sourcecode.swift; path = CaseContent.swift; sourceTree = "<group>"; };
		7F1DADD3247DF94500A9DE7C /* CaseViewController.swift */ = {isa = PBXFileReference; lastKnownFileType = sourcecode.swift; path = CaseViewController.swift; sourceTree = "<group>"; };
		7F1DADD5247DFB6C00A9DE7C /* CaseTableViewCell.swift */ = {isa = PBXFileReference; lastKnownFileType = sourcecode.swift; path = CaseTableViewCell.swift; sourceTree = "<group>"; };
		7F1DADD6247DFB6C00A9DE7C /* CaseTableViewCell.xib */ = {isa = PBXFileReference; lastKnownFileType = file.xib; path = CaseTableViewCell.xib; sourceTree = "<group>"; };
		7F1DADD9247E223000A9DE7C /* Cases+Extension.swift */ = {isa = PBXFileReference; lastKnownFileType = sourcecode.swift; path = "Cases+Extension.swift"; sourceTree = "<group>"; };
		924E6BD3247D647400FB0C59 /* welcomeVC.swift */ = {isa = PBXFileReference; lastKnownFileType = sourcecode.swift; path = welcomeVC.swift; sourceTree = "<group>"; };
		924E6BD5247D64A700FB0C59 /* onboarding1VC.swift */ = {isa = PBXFileReference; lastKnownFileType = sourcecode.swift; path = onboarding1VC.swift; sourceTree = "<group>"; };
		924E6BD7247D64DF00FB0C59 /* onboarding2VC.swift */ = {isa = PBXFileReference; lastKnownFileType = sourcecode.swift; path = onboarding2VC.swift; sourceTree = "<group>"; };
/* End PBXFileReference section */

/* Begin PBXFrameworksBuildPhase section */
		484A268D24736C1100F28462 /* Frameworks */ = {
			isa = PBXFrameworksBuildPhase;
			buildActionMask = 2147483647;
			files = (
				4893E5CA247D3C4D00619181 /* WebKit.framework in Frameworks */,
			);
			runOnlyForDeploymentPostprocessing = 0;
		};
/* End PBXFrameworksBuildPhase section */

/* Begin PBXGroup section */
		20254264247CD74E00571239 /* LearnView */ = {
			isa = PBXGroup;
			children = (
				2043BBC2247BF90F00B8932B /* LearnViewController.swift */,
				204EFA74247CBD2400ED3317 /* LearnTableViewCell.swift */,
				4893E5C6247D2F1F00619181 /* LessonLearnViewController.swift */,
			);
			path = LearnView;
			sourceTree = "<group>";
		};
		482C8135247EA6C000AE7529 /* HTML */ = {
			isa = PBXGroup;
			children = (
				482C8136247EA74000AE7529 /* LessonWebView.html */,
			);
			path = HTML;
			sourceTree = "<group>";
		};
		484A268724736C1100F28462 = {
			isa = PBXGroup;
			children = (
				484A269224736C1100F28462 /* Learner-App */,
				484A269124736C1100F28462 /* Products */,
				4893E5C8247D3C4D00619181 /* Frameworks */,
			);
			sourceTree = "<group>";
		};
		484A269124736C1100F28462 /* Products */ = {
			isa = PBXGroup;
			children = (
				484A269024736C1100F28462 /* Learner-App.app */,
			);
			name = Products;
			sourceTree = "<group>";
		};
		484A269224736C1100F28462 /* Learner-App */ = {
			isa = PBXGroup;
			children = (
				482C8135247EA6C000AE7529 /* HTML */,
				7F1DADD2247DF91700A9DE7C /* Case */,
				20254264247CD74E00571239 /* LearnView */,
				484A26AA2473848400F28462 /* OnBoarding */,
				484A269324736C1100F28462 /* AppDelegate.swift */,
				484A269524736C1100F28462 /* SceneDelegate.swift */,
				484A269724736C1100F28462 /* ViewController.swift */,
				484A269924736C1100F28462 /* Main.storyboard */,
				924E6BD3247D647400FB0C59 /* welcomeVC.swift */,
				924E6BD5247D64A700FB0C59 /* onboarding1VC.swift */,
				924E6BD7247D64DF00FB0C59 /* onboarding2VC.swift */,
				6AA38237247D028800C6DFCF /* CaseContent.swift */,
				484A269F24736C1300F28462 /* Assets.xcassets */,
				484A26A124736C1300F28462 /* LaunchScreen.storyboard */,
				484A26A424736C1300F28462 /* Info.plist */,
				484A269C24736C1100F28462 /* Learner_App.xcdatamodeld */,
				20B69D9D2474CE7700D5F3AD /* Subject+Extension.swift */,
				20B69D9F2474D07400D5F3AD /* MiniDatabase.swift */,
				20B69DA12474D0E700D5F3AD /* UIViewController+Extension.swift */,
				20254262247CC32400571239 /* KDCircularProgress.swift */,
				7F1DADD9247E223000A9DE7C /* Cases+Extension.swift */,
			);
			path = "Learner-App";
			sourceTree = "<group>";
		};
		484A26AA2473848400F28462 /* OnBoarding */ = {
			isa = PBXGroup;
			children = (
			);
			path = OnBoarding;
			sourceTree = "<group>";
		};
		4893E5C8247D3C4D00619181 /* Frameworks */ = {
			isa = PBXGroup;
			children = (
				4893E5C9247D3C4D00619181 /* WebKit.framework */,
			);
			name = Frameworks;
			sourceTree = "<group>";
		};
		7F1DADD2247DF91700A9DE7C /* Case */ = {
			isa = PBXGroup;
			children = (
				7F1DADD3247DF94500A9DE7C /* CaseViewController.swift */,
				7F1DADD5247DFB6C00A9DE7C /* CaseTableViewCell.swift */,
				7F1DADD6247DFB6C00A9DE7C /* CaseTableViewCell.xib */,
			);
			path = Case;
			sourceTree = "<group>";
		};
/* End PBXGroup section */

/* Begin PBXNativeTarget section */
		484A268F24736C1100F28462 /* Learner-App */ = {
			isa = PBXNativeTarget;
			buildConfigurationList = 484A26A724736C1300F28462 /* Build configuration list for PBXNativeTarget "Learner-App" */;
			buildPhases = (
				484A268C24736C1100F28462 /* Sources */,
				484A268D24736C1100F28462 /* Frameworks */,
				484A268E24736C1100F28462 /* Resources */,
			);
			buildRules = (
			);
			dependencies = (
			);
			name = "Learner-App";
			productName = "Learner-App";
			productReference = 484A269024736C1100F28462 /* Learner-App.app */;
			productType = "com.apple.product-type.application";
		};
/* End PBXNativeTarget section */

/* Begin PBXProject section */
		484A268824736C1100F28462 /* Project object */ = {
			isa = PBXProject;
			attributes = {
				LastSwiftUpdateCheck = 1140;
				LastUpgradeCheck = 1140;
				ORGANIZATIONNAME = "Muhamad Vicky";
				TargetAttributes = {
					484A268F24736C1100F28462 = {
						CreatedOnToolsVersion = 11.4.1;
					};
				};
			};
			buildConfigurationList = 484A268B24736C1100F28462 /* Build configuration list for PBXProject "Learner-App" */;
			compatibilityVersion = "Xcode 9.3";
			developmentRegion = en;
			hasScannedForEncodings = 0;
			knownRegions = (
				en,
				Base,
			);
			mainGroup = 484A268724736C1100F28462;
			productRefGroup = 484A269124736C1100F28462 /* Products */;
			projectDirPath = "";
			projectRoot = "";
			targets = (
				484A268F24736C1100F28462 /* Learner-App */,
			);
		};
/* End PBXProject section */

/* Begin PBXResourcesBuildPhase section */
		484A268E24736C1100F28462 /* Resources */ = {
			isa = PBXResourcesBuildPhase;
			buildActionMask = 2147483647;
			files = (
				484A26A324736C1300F28462 /* LaunchScreen.storyboard in Resources */,
				7F1DADD8247DFB6C00A9DE7C /* CaseTableViewCell.xib in Resources */,
				482C8137247EA74000AE7529 /* LessonWebView.html in Resources */,
				484A26A024736C1300F28462 /* Assets.xcassets in Resources */,
				484A269B24736C1100F28462 /* Main.storyboard in Resources */,
			);
			runOnlyForDeploymentPostprocessing = 0;
		};
/* End PBXResourcesBuildPhase section */

/* Begin PBXSourcesBuildPhase section */
		484A268C24736C1100F28462 /* Sources */ = {
			isa = PBXSourcesBuildPhase;
			buildActionMask = 2147483647;
			files = (
				484A269824736C1100F28462 /* ViewController.swift in Sources */,
				7F1DADD7247DFB6C00A9DE7C /* CaseTableViewCell.swift in Sources */,
				484A269E24736C1100F28462 /* Learner_App.xcdatamodeld in Sources */,
				484A269424736C1100F28462 /* AppDelegate.swift in Sources */,
				924E6BD4247D647400FB0C59 /* welcomeVC.swift in Sources */,
				4893E5C7247D2F1F00619181 /* LessonLearnViewController.swift in Sources */,
				924E6BD6247D64A700FB0C59 /* onboarding1VC.swift in Sources */,
				6AA38238247D028800C6DFCF /* CaseContent.swift in Sources */,
				204EFA75247CBD2400ED3317 /* LearnTableViewCell.swift in Sources */,
				20B69DA02474D07400D5F3AD /* MiniDatabase.swift in Sources */,
				924E6BD8247D64DF00FB0C59 /* onboarding2VC.swift in Sources */,
				20B69DA22474D0E700D5F3AD /* UIViewController+Extension.swift in Sources */,
				20254263247CC32400571239 /* KDCircularProgress.swift in Sources */,
				2043BBC3247BF90F00B8932B /* LearnViewController.swift in Sources */,
				20B69D9E2474CE7700D5F3AD /* Subject+Extension.swift in Sources */,
				7F1DADD4247DF94500A9DE7C /* CaseViewController.swift in Sources */,
				484A269624736C1100F28462 /* SceneDelegate.swift in Sources */,
				7F1DADDA247E223000A9DE7C /* Cases+Extension.swift in Sources */,
			);
			runOnlyForDeploymentPostprocessing = 0;
		};
/* End PBXSourcesBuildPhase section */

/* Begin PBXVariantGroup section */
		484A269924736C1100F28462 /* Main.storyboard */ = {
			isa = PBXVariantGroup;
			children = (
				484A269A24736C1100F28462 /* Base */,
			);
			name = Main.storyboard;
			sourceTree = "<group>";
		};
		484A26A124736C1300F28462 /* LaunchScreen.storyboard */ = {
			isa = PBXVariantGroup;
			children = (
				484A26A224736C1300F28462 /* Base */,
			);
			name = LaunchScreen.storyboard;
			sourceTree = "<group>";
		};
/* End PBXVariantGroup section */

/* Begin XCBuildConfiguration section */
		484A26A524736C1300F28462 /* Debug */ = {
			isa = XCBuildConfiguration;
			buildSettings = {
				ALWAYS_SEARCH_USER_PATHS = NO;
				CLANG_ANALYZER_NONNULL = YES;
				CLANG_ANALYZER_NUMBER_OBJECT_CONVERSION = YES_AGGRESSIVE;
				CLANG_CXX_LANGUAGE_STANDARD = "gnu++14";
				CLANG_CXX_LIBRARY = "libc++";
				CLANG_ENABLE_MODULES = YES;
				CLANG_ENABLE_OBJC_ARC = YES;
				CLANG_ENABLE_OBJC_WEAK = YES;
				CLANG_WARN_BLOCK_CAPTURE_AUTORELEASING = YES;
				CLANG_WARN_BOOL_CONVERSION = YES;
				CLANG_WARN_COMMA = YES;
				CLANG_WARN_CONSTANT_CONVERSION = YES;
				CLANG_WARN_DEPRECATED_OBJC_IMPLEMENTATIONS = YES;
				CLANG_WARN_DIRECT_OBJC_ISA_USAGE = YES_ERROR;
				CLANG_WARN_DOCUMENTATION_COMMENTS = YES;
				CLANG_WARN_EMPTY_BODY = YES;
				CLANG_WARN_ENUM_CONVERSION = YES;
				CLANG_WARN_INFINITE_RECURSION = YES;
				CLANG_WARN_INT_CONVERSION = YES;
				CLANG_WARN_NON_LITERAL_NULL_CONVERSION = YES;
				CLANG_WARN_OBJC_IMPLICIT_RETAIN_SELF = YES;
				CLANG_WARN_OBJC_LITERAL_CONVERSION = YES;
				CLANG_WARN_OBJC_ROOT_CLASS = YES_ERROR;
				CLANG_WARN_RANGE_LOOP_ANALYSIS = YES;
				CLANG_WARN_STRICT_PROTOTYPES = YES;
				CLANG_WARN_SUSPICIOUS_MOVE = YES;
				CLANG_WARN_UNGUARDED_AVAILABILITY = YES_AGGRESSIVE;
				CLANG_WARN_UNREACHABLE_CODE = YES;
				CLANG_WARN__DUPLICATE_METHOD_MATCH = YES;
				COPY_PHASE_STRIP = NO;
				DEBUG_INFORMATION_FORMAT = dwarf;
				ENABLE_STRICT_OBJC_MSGSEND = YES;
				ENABLE_TESTABILITY = YES;
				GCC_C_LANGUAGE_STANDARD = gnu11;
				GCC_DYNAMIC_NO_PIC = NO;
				GCC_NO_COMMON_BLOCKS = YES;
				GCC_OPTIMIZATION_LEVEL = 0;
				GCC_PREPROCESSOR_DEFINITIONS = (
					"DEBUG=1",
					"$(inherited)",
				);
				GCC_WARN_64_TO_32_BIT_CONVERSION = YES;
				GCC_WARN_ABOUT_RETURN_TYPE = YES_ERROR;
				GCC_WARN_UNDECLARED_SELECTOR = YES;
				GCC_WARN_UNINITIALIZED_AUTOS = YES_AGGRESSIVE;
				GCC_WARN_UNUSED_FUNCTION = YES;
				GCC_WARN_UNUSED_VARIABLE = YES;
				IPHONEOS_DEPLOYMENT_TARGET = 13.4;
				MTL_ENABLE_DEBUG_INFO = INCLUDE_SOURCE;
				MTL_FAST_MATH = YES;
				ONLY_ACTIVE_ARCH = YES;
				SDKROOT = iphoneos;
				SWIFT_ACTIVE_COMPILATION_CONDITIONS = DEBUG;
				SWIFT_OPTIMIZATION_LEVEL = "-Onone";
			};
			name = Debug;
		};
		484A26A624736C1300F28462 /* Release */ = {
			isa = XCBuildConfiguration;
			buildSettings = {
				ALWAYS_SEARCH_USER_PATHS = NO;
				CLANG_ANALYZER_NONNULL = YES;
				CLANG_ANALYZER_NUMBER_OBJECT_CONVERSION = YES_AGGRESSIVE;
				CLANG_CXX_LANGUAGE_STANDARD = "gnu++14";
				CLANG_CXX_LIBRARY = "libc++";
				CLANG_ENABLE_MODULES = YES;
				CLANG_ENABLE_OBJC_ARC = YES;
				CLANG_ENABLE_OBJC_WEAK = YES;
				CLANG_WARN_BLOCK_CAPTURE_AUTORELEASING = YES;
				CLANG_WARN_BOOL_CONVERSION = YES;
				CLANG_WARN_COMMA = YES;
				CLANG_WARN_CONSTANT_CONVERSION = YES;
				CLANG_WARN_DEPRECATED_OBJC_IMPLEMENTATIONS = YES;
				CLANG_WARN_DIRECT_OBJC_ISA_USAGE = YES_ERROR;
				CLANG_WARN_DOCUMENTATION_COMMENTS = YES;
				CLANG_WARN_EMPTY_BODY = YES;
				CLANG_WARN_ENUM_CONVERSION = YES;
				CLANG_WARN_INFINITE_RECURSION = YES;
				CLANG_WARN_INT_CONVERSION = YES;
				CLANG_WARN_NON_LITERAL_NULL_CONVERSION = YES;
				CLANG_WARN_OBJC_IMPLICIT_RETAIN_SELF = YES;
				CLANG_WARN_OBJC_LITERAL_CONVERSION = YES;
				CLANG_WARN_OBJC_ROOT_CLASS = YES_ERROR;
				CLANG_WARN_RANGE_LOOP_ANALYSIS = YES;
				CLANG_WARN_STRICT_PROTOTYPES = YES;
				CLANG_WARN_SUSPICIOUS_MOVE = YES;
				CLANG_WARN_UNGUARDED_AVAILABILITY = YES_AGGRESSIVE;
				CLANG_WARN_UNREACHABLE_CODE = YES;
				CLANG_WARN__DUPLICATE_METHOD_MATCH = YES;
				COPY_PHASE_STRIP = NO;
				DEBUG_INFORMATION_FORMAT = "dwarf-with-dsym";
				ENABLE_NS_ASSERTIONS = NO;
				ENABLE_STRICT_OBJC_MSGSEND = YES;
				GCC_C_LANGUAGE_STANDARD = gnu11;
				GCC_NO_COMMON_BLOCKS = YES;
				GCC_WARN_64_TO_32_BIT_CONVERSION = YES;
				GCC_WARN_ABOUT_RETURN_TYPE = YES_ERROR;
				GCC_WARN_UNDECLARED_SELECTOR = YES;
				GCC_WARN_UNINITIALIZED_AUTOS = YES_AGGRESSIVE;
				GCC_WARN_UNUSED_FUNCTION = YES;
				GCC_WARN_UNUSED_VARIABLE = YES;
				IPHONEOS_DEPLOYMENT_TARGET = 13.4;
				MTL_ENABLE_DEBUG_INFO = NO;
				MTL_FAST_MATH = YES;
				SDKROOT = iphoneos;
				SWIFT_COMPILATION_MODE = wholemodule;
				SWIFT_OPTIMIZATION_LEVEL = "-O";
				VALIDATE_PRODUCT = YES;
			};
			name = Release;
		};
		484A26A824736C1300F28462 /* Debug */ = {
			isa = XCBuildConfiguration;
			buildSettings = {
				ASSETCATALOG_COMPILER_APPICON_NAME = AppIcon;
				CODE_SIGN_STYLE = Automatic;
				DEVELOPMENT_TEAM = WX488TK3G3;
				INFOPLIST_FILE = "Learner-App/Info.plist";
				LD_RUNPATH_SEARCH_PATHS = (
					"$(inherited)",
					"@executable_path/Frameworks",
				);
				PRODUCT_BUNDLE_IDENTIFIER = "djidien.edu.Learner-App";
				PRODUCT_NAME = "$(TARGET_NAME)";
				SWIFT_VERSION = 5.0;
				TARGETED_DEVICE_FAMILY = "1,2";
			};
			name = Debug;
		};
		484A26A924736C1300F28462 /* Release */ = {
			isa = XCBuildConfiguration;
			buildSettings = {
				ASSETCATALOG_COMPILER_APPICON_NAME = AppIcon;
				CODE_SIGN_STYLE = Automatic;
				DEVELOPMENT_TEAM = WX488TK3G3;
				INFOPLIST_FILE = "Learner-App/Info.plist";
				LD_RUNPATH_SEARCH_PATHS = (
					"$(inherited)",
					"@executable_path/Frameworks",
				);
				PRODUCT_BUNDLE_IDENTIFIER = "djidien.edu.Learner-App";
				PRODUCT_NAME = "$(TARGET_NAME)";
				SWIFT_VERSION = 5.0;
				TARGETED_DEVICE_FAMILY = "1,2";
			};
			name = Release;
		};
/* End XCBuildConfiguration section */

/* Begin XCConfigurationList section */
		484A268B24736C1100F28462 /* Build configuration list for PBXProject "Learner-App" */ = {
			isa = XCConfigurationList;
			buildConfigurations = (
				484A26A524736C1300F28462 /* Debug */,
				484A26A624736C1300F28462 /* Release */,
			);
			defaultConfigurationIsVisible = 0;
			defaultConfigurationName = Release;
		};
		484A26A724736C1300F28462 /* Build configuration list for PBXNativeTarget "Learner-App" */ = {
			isa = XCConfigurationList;
			buildConfigurations = (
				484A26A824736C1300F28462 /* Debug */,
				484A26A924736C1300F28462 /* Release */,
			);
			defaultConfigurationIsVisible = 0;
			defaultConfigurationName = Release;
		};
/* End XCConfigurationList section */

/* Begin XCVersionGroup section */
		484A269C24736C1100F28462 /* Learner_App.xcdatamodeld */ = {
			isa = XCVersionGroup;
			children = (
				484A269D24736C1100F28462 /* Learner_App.xcdatamodel */,
			);
			currentVersion = 484A269D24736C1100F28462 /* Learner_App.xcdatamodel */;
			path = Learner_App.xcdatamodeld;
			sourceTree = "<group>";
			versionGroupType = wrapper.xcdatamodel;
		};
/* End XCVersionGroup section */
	};
	rootObject = 484A268824736C1100F28462 /* Project object */;
}
